{
    "_meta": {
        "hash": {
            "sha256": "8f9501ed62d012509489cf572d1a181bc81182d7619ae0c9d229fd8c798c3fa2"
        },
        "pipfile-spec": 6,
        "requires": {
            "python_version": "3.6"
        },
        "sources": [
            {
                "name": "pypi",
                "url": "https://pypi.org/simple",
                "verify_ssl": true
            }
        ]
    },
    "default": {
        "absl-py": {
            "hashes": [
                "sha256:75e737d6ce7723d9ff9b7aa1ba3233c34be62ef18d5859e706b8fdc828989830"
            ],
            "version": "==0.9.0"
        },
        "ahoproc-tools": {
            "git": "https://github.com/santi-pdp/ahoproc_tools",
            "ref": "e707e34bac714eb8c352ec4bf1b08fa520968c00"
        },
        "astor": {
            "hashes": [
                "sha256:070a54e890cefb5b3739d19f30f5a5ec840ffc9c50ffa7d23cc9fc1a38ebbfc5",
                "sha256:6a6effda93f4e1ce9f618779b2dd1d9d84f1e32812c23a29b3fff6fd7f63fa5e"
            ],
            "version": "==0.8.1"
        },
        "audioread": {
            "hashes": [
                "sha256:073904fabc842881e07bd3e4a5776623535562f70b1655b635d22886168dd168"
            ],
            "version": "==2.1.8"
        },
        "cffi": {
            "hashes": [
                "sha256:001bf3242a1bb04d985d63e138230802c6c8d4db3668fb545fb5005ddf5bb5ff",
                "sha256:00789914be39dffba161cfc5be31b55775de5ba2235fe49aa28c148236c4e06b",
                "sha256:028a579fc9aed3af38f4892bdcc7390508adabc30c6af4a6e4f611b0c680e6ac",
                "sha256:14491a910663bf9f13ddf2bc8f60562d6bc5315c1f09c704937ef17293fb85b0",
                "sha256:1cae98a7054b5c9391eb3249b86e0e99ab1e02bb0cc0575da191aedadbdf4384",
                "sha256:2089ed025da3919d2e75a4d963d008330c96751127dd6f73c8dc0c65041b4c26",
                "sha256:2d384f4a127a15ba701207f7639d94106693b6cd64173d6c8988e2c25f3ac2b6",
                "sha256:337d448e5a725bba2d8293c48d9353fc68d0e9e4088d62a9571def317797522b",
                "sha256:399aed636c7d3749bbed55bc907c3288cb43c65c4389964ad5ff849b6370603e",
                "sha256:3b911c2dbd4f423b4c4fcca138cadde747abdb20d196c4a48708b8a2d32b16dd",
                "sha256:3d311bcc4a41408cf5854f06ef2c5cab88f9fded37a3b95936c9879c1640d4c2",
                "sha256:62ae9af2d069ea2698bf536dcfe1e4eed9090211dbaafeeedf5cb6c41b352f66",
                "sha256:66e41db66b47d0d8672d8ed2708ba91b2f2524ece3dee48b5dfb36be8c2f21dc",
                "sha256:675686925a9fb403edba0114db74e741d8181683dcf216be697d208857e04ca8",
                "sha256:7e63cbcf2429a8dbfe48dcc2322d5f2220b77b2e17b7ba023d6166d84655da55",
                "sha256:8a6c688fefb4e1cd56feb6c511984a6c4f7ec7d2a1ff31a10254f3c817054ae4",
                "sha256:8c0ffc886aea5df6a1762d0019e9cb05f825d0eec1f520c51be9d198701daee5",
                "sha256:95cd16d3dee553f882540c1ffe331d085c9e629499ceadfbda4d4fde635f4b7d",
                "sha256:99f748a7e71ff382613b4e1acc0ac83bf7ad167fb3802e35e90d9763daba4d78",
                "sha256:b8c78301cefcf5fd914aad35d3c04c2b21ce8629b5e4f4e45ae6812e461910fa",
                "sha256:c420917b188a5582a56d8b93bdd8e0f6eca08c84ff623a4c16e809152cd35793",
                "sha256:c43866529f2f06fe0edc6246eb4faa34f03fe88b64a0a9a942561c8e22f4b71f",
                "sha256:cab50b8c2250b46fe738c77dbd25ce017d5e6fb35d3407606e7a4180656a5a6a",
                "sha256:cef128cb4d5e0b3493f058f10ce32365972c554572ff821e175dbc6f8ff6924f",
                "sha256:cf16e3cf6c0a5fdd9bc10c21687e19d29ad1fe863372b5543deaec1039581a30",
                "sha256:e56c744aa6ff427a607763346e4170629caf7e48ead6921745986db3692f987f",
                "sha256:e577934fc5f8779c554639376beeaa5657d54349096ef24abe8c74c5d9c117c3",
                "sha256:f2b0fa0c01d8a0c7483afd9f31d7ecf2d71760ca24499c8697aeb5ca37dc090c"
            ],
            "version": "==1.14.0"
        },
        "cython": {
            "hashes": [
                "sha256:01d566750e7c08e5f094419f8d1ee90e7fa286d8d77c4569748263ed5f05280a",
                "sha256:072cb90e2fe4b5cc27d56de12ec5a00311eee781c2d2e3f7c98a82319103c7ed",
                "sha256:0e078e793a9882bf48194b8b5c9b40c75769db1859cd90b210a4d7bf33cda2b1",
                "sha256:1a3842be21d1e25b7f3440a0c881ef44161937273ea386c30c0e253e30c63740",
                "sha256:1dc973bdea03c65f03f41517e4f0fc2b717d71cfbcf4ec34adac7e5bee71303e",
                "sha256:214a53257c100e93e7673e95ab448d287a37626a3902e498025993cc633647ae",
                "sha256:30462d61e7e290229a64e1c3682b4cc758ffc441e59cc6ce6fae059a05df305b",
                "sha256:34004f60b1e79033b0ca29b9ab53a86c12bcaab56648b82fbe21c007cd73d867",
                "sha256:34c888a57f419c63bef63bc0911c5bb407b93ed5d6bdeb1587dca2cd1dd56ad1",
                "sha256:3dd0cba13b36ff969232930bd6db08d3da0798f1fac376bd1fa4458f4b55d802",
                "sha256:4e5acf3b856a50d0aaf385f06a7b56a128a296322a9740f5f279c96619244308",
                "sha256:60d859e1efa5cc80436d58aecd3718ff2e74b987db0518376046adedba97ac30",
                "sha256:61e505379497b624d6316dd67ef8100aaadca0451f48f8c6fff8d622281cd121",
                "sha256:6f6de0bee19c70cb01e519634f0c35770de623006e4876e649ee4a960a147fec",
                "sha256:77ac051b7caf02938a32ea0925f558534ab2a99c0c98c681cc905e3e8cba506e",
                "sha256:7e4d74515d92c4e2be7201aaef7a51705bd3d5957df4994ddfe1b252195b5e27",
                "sha256:7ea18a5c87cacdd6e4feacf8badf13643775b6f69c3aa8b50417834b9ce0e627",
                "sha256:993837bbf0849e3b176e1ef6a50e9b8c2225e895501b85d56f4bb65a67f5ea25",
                "sha256:9a5f0cf8b95c0c058e413679a650f70dcc97764ccb2a6d5ccc6b08d44c9b334c",
                "sha256:9f2839396d21d5537bc9ff53772d44db39b0efb6bf8b6cac709170483df53a5b",
                "sha256:b8ba4b4ee3addc26bc595a51b6240b05a80e254b946d624fff6506439bc323d1",
                "sha256:bb6d90180eff72fc5a30099c442b8b0b5a620e84bf03ef32a55e3f7bd543f32e",
                "sha256:c3d778304209cc39f8287da22f2180f34d2c2ee46cd55abd82e48178841b37b1",
                "sha256:c562bc316040097e21357e783286e5eca056a5b2750e89d9d75f9541c156b6dc",
                "sha256:d114f9c0164df8fcd2880e4ba96986d7b0e7218f6984acc4989ff384c5d3d512",
                "sha256:d282b030ed5c736e4cdb1713a0c4fad7027f4e3959dc4b8fdb7c75042d83ed1b",
                "sha256:d8c73fe0ec57a0e4fdf5d2728b5e18b63980f55f1baf51b6bac6a73e8cbb7186",
                "sha256:e5c8f4198e25bc4b0e4a884377e0c0e46ca273993679e3bcc212ef96d4211b83",
                "sha256:e7f1dcc0e8c3e18fa2fddca4aecdf71c5651555a8dc9a0cd3a1d164cbce6cb35",
                "sha256:ea3b61bff995de49b07331d1081e0056ea29901d3e995aa989073fe2b1be0cb7",
                "sha256:ea5f987b4da530822fa797cf2f010193be77ea9e232d07454e3194531edd8e58",
                "sha256:f91b16e73eca996f86d1943be3b2c2b679b03e068ed8c82a5506c1e65766e4a6"
            ],
            "index": "pypi",
            "version": "==0.29.15"
        },
        "decorator": {
            "hashes": [
                "sha256:41fa54c2a0cc4ba648be4fd43cff00aedf5b9465c9bf18d64325bc225f08f760",
                "sha256:e3a62f0520172440ca0dcc823749319382e377f37f140a0b99ef45fecb84bfe7"
            ],
            "version": "==4.4.2"
        },
        "deepspeech": {
            "hashes": [
                "sha256:0cab9da33f76f8f152b155a736b8ada4088ddc5c2ad8052d41cd002e9d8ed3fc",
                "sha256:1aad00060cbb9be15f70952d2284f2839a35e0bb81cbd01bb4dea1cd8b495abe",
                "sha256:216f98e717fd2cbabae342ea48d851ae611e051563ccda0df07bd712bc8b3b67",
                "sha256:26b9fbb2d368ff13d67fe1e1f02c5e6aab3f6f466fc6bb56d89d23ae7233cbe4",
                "sha256:30e4d9a55d8c4344f6f87342a6298ba968d546329fe1781bf7382e0ccb9b5625",
                "sha256:38fbe1893ea9fa170f4b3541b8b2fa01d39535ddde22b58fc88bac9362c348cf",
                "sha256:4a21eb6bd9d4a1aad96f8bdacdbc9e5d582c67ef210a6b5fa979e4aa16da2697",
                "sha256:6020eb1a43572a98168b933974292300f5be2357f1e3a8f70ce89275f60b7658",
                "sha256:6762ae0958a38f913414339dedb28c9cda5e4d2cb99687f3151426417edd114f",
                "sha256:a2719ac0a7dcdda98bbe3389238884dbe3a8de254da5a7b8853cde5a6e1872f9",
                "sha256:a51e1d88395466b02a2e82b917e3fb3637076a488a04e686335e438ae8504cbf",
                "sha256:c13d37a098446774fc97f4917b861b3a765a4c7f5c72f4e614ed8875b3929e61",
                "sha256:c69cb537802b6a95b98142a0a55df493783f0862ba7ea9d28867487e78a30b0e",
                "sha256:c6ee3e9b824bbffea0e8f390658b2c83458cffa6cc634405c2116c47d9d0cea1",
                "sha256:d8127e328115313cf1fd9452456eeca3b2eeccf79f738220bfb79cb1c192c473",
                "sha256:d9cc9eb37d4c934da9cb97232721a54bffbaa1a90e805a7fd01e13811f69d6fc",
                "sha256:e5673087bff2f4aa64e78046e186fcb2739d9e5f7138e3347762f99ebbb46b11"
            ],
            "index": "pypi",
            "version": "==0.6.0"
        },
        "editdistance": {
            "hashes": [
                "sha256:0834826832e51a6c18032b13b68083e3ebfbf3daf774142ae6f2b17b35580c16",
                "sha256:1018f0fa857b079c721583c42d2c54800fbe8c7d2c29b354a9724a0b79971cb8",
                "sha256:1f510e6eb411ec6123ba4ebc086d5882027710d28db174985a74e13fd0eb354f",
                "sha256:25b39c836347dcbb251a6041fd3d7575b82c365923a4b13c32c699e442b1b644",
                "sha256:25dd59d7f17a38203c5e433f5b11f64a8d1042d876d0dc00b324dda060d12e81",
                "sha256:36a4c36d7945f5ecfa1dc92c08635d73b64769cd0af066da774437fe2c7dc80a",
                "sha256:503c6f69f4901d8a63f3748e4b0eccb2a89e6844b0879a7e256cab439297d379",
                "sha256:553fb295802c399f0f419b616b499c241ffdcb2a70888d1e9d1bd22ba21b122f",
                "sha256:5f9c202b1a2f2630f7a0cdd76ad0ad55de4cd700553778c77e37379c6ac8e8bb",
                "sha256:61486173447a153cccbd52eb63947378803f0f2a5bffebbfec500bd77fc5706d",
                "sha256:6452d750fbc49c6f04232a840f96b0f1155ff7cb2d953ce1edf075c5a394f3ea",
                "sha256:6ccfd57221bae661304e7f9495f508aeec8f72e462d97481d55488ded87f5cbc",
                "sha256:810d93e614f35ad2916570f48ff1370ac3c001eb6941d5e836e2c1c6986fafff",
                "sha256:89d016dda04649b2c49e12b34337755a7b612bfd690420edd50ab31787120c1f",
                "sha256:93e847cc2fbebb34a36b41337a3eb9b2034d4ff9679665b08ecc5c3c313f83a9",
                "sha256:9d6ee66f8de30ec6358083e5ecd7919a5966b38c64012c1672f326c61ff7a15f",
                "sha256:a10c61df748220b2b9e2949a10aea23ffeded28c07e610e107a8f6a4b5b92782",
                "sha256:a322354a8dfb442770902f06552b20df5184e65e84ac90cb799740915eb52212",
                "sha256:a9167d9d5e754abd7ce68da065a636cc161e5063c322efd81159d15001d5272a",
                "sha256:a96ac49acc7668477c13aff02ca0527c6462b026b78600602dbef04efc9250d3",
                "sha256:c1cf5ff98cfdc38046ae0f2d3ccbe1e15b0665234a04783f6558ec0a48e72dc8",
                "sha256:cc65c2cd68751a966f7468537b4a6fd7d9107d49e139d8efd5734ee6f48d3126",
                "sha256:cd49e9b22972b15527d53e06918c14d9fe228ae362a57476d16b0cad3e14e0c8",
                "sha256:d4561b602b7675f6a050cdd0e1b652007ce73bb7290019487b8919a44593d74d",
                "sha256:db65bf1f39964019040434cb924c62c9965bd0df2feb316dbe5de3f09e6a81de",
                "sha256:dddb0d36f698e3c942d0d5934185533d9324fbde975b3e956a19883713e86d33",
                "sha256:ee4ed815bc5137a794095368580334e430ff26c73a05c67e76b39f535b363a0f",
                "sha256:ef4714dc9cf281863dcc3ba6d24c3cae1dde41610a78dcdfae50d743ca71d5e1",
                "sha256:fa0047a8d972ab779141eed4713811251c9f6e96e9e8a62caa8d554a0444ff74",
                "sha256:fe7e6a90476976d7e5abc9472acb0311b7cdc76d84190f8f6c317234680c5de3"
            ],
            "index": "pypi",
            "version": "==0.5.3"
        },
        "gast": {
            "hashes": [
                "sha256:8f46f5be57ae6889a4e16e2ca113b1703ef17f2b0abceb83793eaba9e1351a45",
                "sha256:b881ef288a49aa81440d2c5eb8aeefd4c2bb8993d5f50edae7413a85bfdb3b57"
            ],
            "version": "==0.3.3"
        },
        "google-pasta": {
            "hashes": [
                "sha256:4612951da876b1a10fe3960d7226f0c7682cf901e16ac06e473b267a5afa8954",
                "sha256:b32482794a366b5366a32c92a9a9201b107821889935a02b3e51f6b432ea84ed",
                "sha256:c9f2c8dfc8f96d0d5808299920721be30c9eec37f2389f28904f454565c8a16e"
            ],
            "version": "==0.2.0"
        },
        "grpcio": {
            "hashes": [
                "sha256:02aef8ef1a5ac5f0836b543e462eb421df6048a7974211a906148053b8055ea6",
                "sha256:07f82aefb4a56c7e1e52b78afb77d446847d27120a838a1a0489260182096045",
                "sha256:1cff47297ee614e7ef66243dc34a776883ab6da9ca129ea114a802c5e58af5c1",
                "sha256:1ec8fc865d8da6d0713e2092a27eee344cd54628b2c2065a0e77fff94df4ae00",
                "sha256:1ef949b15a1f5f30651532a9b54edf3bd7c0b699a10931505fa2c80b2d395942",
                "sha256:209927e65395feb449783943d62a3036982f871d7f4045fadb90b2d82b153ea8",
                "sha256:25c77692ea8c0929d4ad400ea9c3dcbcc4936cee84e437e0ef80da58fa73d88a",
                "sha256:28f27c64dd699b8b10f70da5f9320c1cffcaefca7dd76275b44571bd097f276c",
                "sha256:355bd7d7ce5ff2917d217f0e8ddac568cb7403e1ce1639b35a924db7d13a39b6",
                "sha256:4a0a33ada3f6f94f855f92460896ef08c798dcc5f17d9364d1735c5adc9d7e4a",
                "sha256:4d3b6e66f32528bf43ca2297caca768280a8e068820b1c3dca0fcf9f03c7d6f1",
                "sha256:5121fa96c79fc0ec81825091d0be5c16865f834f41b31da40b08ee60552f9961",
                "sha256:57949756a3ce1f096fa2b00f812755f5ab2effeccedb19feeb7d0deafa3d1de7",
                "sha256:586d931736912865c9790c60ca2db29e8dc4eace160d5a79fec3e58df79a9386",
                "sha256:5ae532b93cf9ce5a2a549b74a2c35e3b690b171ece9358519b3039c7b84c887e",
                "sha256:5dab393ab96b2ce4012823b2f2ed4ee907150424d2f02b97bd6f8dd8f17cc866",
                "sha256:5ebc13451246de82f130e8ee7e723e8d7ae1827f14b7b0218867667b1b12c88d",
                "sha256:68a149a0482d0bc697aac702ec6efb9d380e0afebf9484db5b7e634146528371",
                "sha256:6db7ded10b82592c472eeeba34b9f12d7b0ab1e2dcad12f081b08ebdea78d7d6",
                "sha256:6e545908bcc2ae28e5b190ce3170f92d0438cf26a82b269611390114de0106eb",
                "sha256:6f328a3faaf81a2546a3022b3dfc137cc6d50d81082dbc0c94d1678943f05df3",
                "sha256:706e2dea3de33b0d8884c4d35ecd5911b4ff04d0697c4138096666ce983671a6",
                "sha256:80c3d1ce8820dd819d1c9d6b63b6f445148480a831173b572a9174a55e7abd47",
                "sha256:8111b61eee12d7af5c58f82f2c97c2664677a05df9225ef5cbc2f25398c8c454",
                "sha256:9713578f187fb1c4d00ac554fe1edcc6b3ddd62f5d4eb578b81261115802df8e",
                "sha256:9c0669ba9aebad540fb05a33beb7e659ea6e5ca35833fc5229c20f057db760e8",
                "sha256:9e9cfe55dc7ac2aa47e0fd3285ff829685f96803197042c9d2f0fb44e4b39b2c",
                "sha256:a22daaf30037b8e59d6968c76fe0f7ff062c976c7a026e92fbefc4c4bf3fc5a4",
                "sha256:a25b84e10018875a0f294a7649d07c43e8bc3e6a821714e39e5cd607a36386d7",
                "sha256:a71138366d57901597bfcc52af7f076ab61c046f409c7b429011cd68de8f9fe6",
                "sha256:b4efde5524579a9ce0459ca35a57a48ca878a4973514b8bb88cb80d7c9d34c85",
                "sha256:b78af4d42985ab3143d9882d0006f48d12f1bc4ba88e78f23762777c3ee64571",
                "sha256:bb2987eb3af9bcf46019be39b82c120c3d35639a95bc4ee2d08f36ecdf469345",
                "sha256:c03ce53690fe492845e14f4ab7e67d5a429a06db99b226b5c7caa23081c1e2bb",
                "sha256:c59b9280284b791377b3524c8e39ca7b74ae2881ba1a6c51b36f4f1bb94cee49",
                "sha256:d18b4c8cacbb141979bb44355ee5813dd4d307e9d79b3a36d66eca7e0a203df8",
                "sha256:d1e5563e3b7f844dbc48d709c9e4a75647e11d0387cc1fa0c861d3e9d34bc844",
                "sha256:d22c897b65b1408509099f1c3334bd3704f5e4eb7c0486c57d0e212f71cb8f54",
                "sha256:dbec0a3a154dbf2eb85b38abaddf24964fa1c059ee0a4ad55d6f39211b1a4bca",
                "sha256:ed123037896a8db6709b8ad5acc0ed435453726ea0b63361d12de369624c2ab5",
                "sha256:f3614dabd2cc8741850597b418bcf644d4f60e73615906c3acc407b78ff720b3",
                "sha256:f9d632ce9fd485119c968ec6a7a343de698c5e014d17602ae2f110f1b05925ed",
                "sha256:fb62996c61eeff56b59ab8abfcaa0859ec2223392c03d6085048b576b567459b"
            ],
            "version": "==1.27.2"
        },
        "h5py": {
            "hashes": [
                "sha256:063947eaed5f271679ed4ffa36bb96f57bc14f44dd4336a827d9a02702e6ce6b",
                "sha256:13c87efa24768a5e24e360a40e0bc4c49bcb7ce1bb13a3a7f9902cec302ccd36",
                "sha256:16ead3c57141101e3296ebeed79c9c143c32bdd0e82a61a2fc67e8e6d493e9d1",
                "sha256:3dad1730b6470fad853ef56d755d06bb916ee68a3d8272b3bab0c1ddf83bb99e",
                "sha256:51ae56894c6c93159086ffa2c94b5b3388c0400548ab26555c143e7cfa05b8e5",
                "sha256:54817b696e87eb9e403e42643305f142cd8b940fe9b3b490bbf98c3b8a894cf4",
                "sha256:549ad124df27c056b2e255ea1c44d30fb7a17d17676d03096ad5cd85edb32dc1",
                "sha256:64f74da4a1dd0d2042e7d04cf8294e04ddad686f8eba9bb79e517ae582f6668d",
                "sha256:6998be619c695910cb0effe5eb15d3a511d3d1a5d217d4bd0bebad1151ec2262",
                "sha256:6ef7ab1089e3ef53ca099038f3c0a94d03e3560e6aff0e9d6c64c55fb13fc681",
                "sha256:769e141512b54dee14ec76ed354fcacfc7d97fea5a7646b709f7400cf1838630",
                "sha256:79b23f47c6524d61f899254f5cd5e486e19868f1823298bc0c29d345c2447172",
                "sha256:7be5754a159236e95bd196419485343e2b5875e806fe68919e087b6351f40a70",
                "sha256:84412798925dc870ffd7107f045d7659e60f5d46d1c70c700375248bf6bf512d",
                "sha256:86868dc07b9cc8cb7627372a2e6636cdc7a53b7e2854ad020c9e9d8a4d3fd0f5",
                "sha256:8bb1d2de101f39743f91512a9750fb6c351c032e5cd3204b4487383e34da7f75",
                "sha256:a5f82cd4938ff8761d9760af3274acf55afc3c91c649c50ab18fcff5510a14a5",
                "sha256:aac4b57097ac29089f179bbc2a6e14102dd210618e94d77ee4831c65f82f17c0",
                "sha256:bffbc48331b4a801d2f4b7dac8a72609f0b10e6e516e5c480a3e3241e091c878",
                "sha256:c0d4b04bbf96c47b6d360cd06939e72def512b20a18a8547fa4af810258355d5",
                "sha256:c54a2c0dd4957776ace7f95879d81582298c5daf89e77fb8bee7378f132951de",
                "sha256:cbf28ae4b5af0f05aa6e7551cee304f1d317dbed1eb7ac1d827cee2f1ef97a99",
                "sha256:d35f7a3a6cefec82bfdad2785e78359a0e6a5fbb3f605dd5623ce88082ccd681",
                "sha256:d3c59549f90a891691991c17f8e58c8544060fdf3ccdea267100fa5f561ff62f",
                "sha256:d7ae7a0576b06cb8e8a1c265a8bc4b73d05fdee6429bffc9a26a6eb531e79d72",
                "sha256:ecf4d0b56ee394a0984de15bceeb97cbe1fe485f1ac205121293fc44dcf3f31f",
                "sha256:f0e25bb91e7a02efccb50aba6591d3fe2c725479e34769802fcdd4076abfa917",
                "sha256:f23951a53d18398ef1344c186fb04b26163ca6ce449ebd23404b153fd111ded9",
                "sha256:ff7d241f866b718e4584fa95f520cb19405220c501bd3a53ee11871ba5166ea2"
            ],
            "version": "==2.10.0"
        },
        "joblib": {
            "hashes": [
                "sha256:0630eea4f5664c463f23fbf5dcfc54a2bc6168902719fa8e19daf033022786c8",
                "sha256:bdb4fd9b72915ffb49fde2229ce482dd7ae79d842ed8c2b4c932441495af1403"
            ],
            "version": "==0.14.1"
        },
        "keras-applications": {
            "hashes": [
                "sha256:5579f9a12bcde9748f4a12233925a59b93b73ae6947409ff34aa2ba258189fe5",
                "sha256:df4323692b8c1174af821bf906f1e442e63fa7589bf0f1230a0b6bdc5a810c95"
            ],
            "version": "==1.0.8"
        },
        "keras-preprocessing": {
            "hashes": [
                "sha256:44aee5f2c4d80c3b29f208359fcb336df80f293a0bb6b1c738da43ca206656fb",
                "sha256:5a8debe01d840de93d49e05ccf1c9b81ae30e210d34dacbcc47aeb3049b528e5"
            ],
            "version": "==1.1.0"
        },
        "librosa": {
            "hashes": [
                "sha256:b332225ac29bfae1ba386deca2b6566271576de3ab17617ad0a71892c799b118"
            ],
            "index": "pypi",
            "version": "==0.6.3"
        },
        "llvmlite": {
            "hashes": [
                "sha256:00fdf20d2f4972a00bcfaa9ce62ee55208ae5df38906a198650ddf91ba6a5fba",
                "sha256:1a917b1b27895d0707078028ae842b3184e617ac04014965b197212e00d8e057",
                "sha256:22ab2b9d7ec79fab66ac8b3d2133347de86addc2e2df1b3793e523ac84baa3c8",
                "sha256:312cca3af9f539a81432cd47f06a621d895c21e8cb1db2f9cfb22acd7fb69fa5",
                "sha256:3601a869da83e5fb1abbe55ecfcecb957f9d899179a4ef66fc4b3b82b461fc5a",
                "sha256:363738f3eb3c6bed65cac38f295ff81a19a74e5aeab3d02e4e3b820279d8e36a",
                "sha256:4e8154d1496a58157652fad1b13d817f73db80eb85b5915d49a9573a26655e38",
                "sha256:5593acefd5f01765ee403ea4b0288a59aff2276eb8f5241deb2e52018219a66a",
                "sha256:5a771ae6398c24117797e9fa0fa70def5334eeab918beaafd40718e80e5f936a",
                "sha256:5bcbb90807a42cd7f47d32e25e270a6886f89ae6783059ee3e1e4aa13d13f2a0",
                "sha256:5c676a549f44e559d7406824de83f659995b13b80c18aca4760981c9049a1a2d",
                "sha256:607fb3738cdc803ffcc69ef3732595f7c66c203c5a7eea35b26f89822fb2baaa",
                "sha256:6699b0e6637f4f8624c2dd069b7b427da582f7ca3900f080bfebb5ff556272bd",
                "sha256:6e4129f2d33a76c1415d2808bae58a15d5480b1cc09fd3e80fc8d0e25bf6c27e",
                "sha256:7e8baa6d5b4383ca7b0abe0e8968b16d4e6b1c0691cbcef18eab298e9c840b5e",
                "sha256:7f4bffdf6cb4f5bab4060ea57cdc11344d9b406227efb8ae1c5e4823e8d146d1",
                "sha256:8189c8ad167ef8a65f4bbf9cbff19efbec7f0392996eec18f5e6b274462111b7",
                "sha256:81fc9ac6682a41f53bca113a8f97959b92728112f91714e850a72dc6d9dd8ced",
                "sha256:947b81539aa751ff627626172a3bdb0ba0a92bfd1de1847f4c1ad7928ea2ea70",
                "sha256:94c5c625088a9ddc0fcd2953f1e7cd94038e3c90b24522a5ba10559b2dd7f563",
                "sha256:c842b722a38370ef5836e16cf73981da8f2f3765cead55b2d51fc87c65840f70",
                "sha256:c999bbf838b7b29b81e070517ec2dad7f408428e4651f779028e0a35ed6f2dea",
                "sha256:d2a4e62b9f703bb669bb78ca45202dfedf6a1df000866d3ed694f29a85a73f4f",
                "sha256:d45b733f5ac76838a20c56d19d6a3032b856c2cedf7a65ce2a4e8a45f4062f93",
                "sha256:ebc86e3bb85fd2ad7f88ce80507350814719195d7555a802cd628713d3c08883",
                "sha256:fdba22341cefbdd7b8d57cc23256b5d5ab16faa64d744d66ecae6a0af86b1f9b"
            ],
            "version": "==0.31.0"
        },
        "markdown": {
            "hashes": [
                "sha256:90fee683eeabe1a92e149f7ba74e5ccdc81cd397bd6c516d93a8da0ef90b6902",
                "sha256:e4795399163109457d4c5af2183fbe6b60326c17cfdf25ce6e7474c6624f725d"
            ],
            "version": "==3.2.1"
        },
        "numba": {
            "hashes": [
                "sha256:139ef37fe367d67daf82d131962b33c6b0a6bf53f8af5689bed233e5a7395438",
                "sha256:2fcce007f90bba1d47ecc7511732a9fd38823f5499f7dd0f1debab764677ec5e",
                "sha256:3936ff4234cda9d17b921f7604f09045fefbe94b0f14c7a0d2c43aa9329b05a6",
                "sha256:43663ed9ffc67adb1977d1ada188c636389d3c1d2812687f5480f468019b5a6c",
                "sha256:489f010fab602d1f978a33e5449ce44b782d7a2a860fb3c23711abb2631920b0",
                "sha256:5128e59c62e7b6cd6ed31d2e091d2a3df703e8411ae13db88d1ca00c4ec67a79",
                "sha256:552f96244d484c985fedc6710a176e98b08f1d9578560df72bbe936e02b3d16f",
                "sha256:5aad5e53e86319de37662991faca1cf1df9adfa655c05a2638951df1955b4096",
                "sha256:86bee1f1b1096f948c661fedfecd7063aad1d0a5c6ac37f7a6c411fd2b1de1a9",
                "sha256:8c25667d9f6a962bf71170041fd30f548cb56eb05f258f979ef30dfb26d25ce6",
                "sha256:98d38454f6c0de2f3c4052732f34020aea6b518cb9fcfc07fbb5fe4093f69ea3",
                "sha256:9d21bc77e67006b5723052840c88cc59248e079a907cc68f1a1a264e1eaba017",
                "sha256:a82ff049f13d0372ccf5985af0eaa10efc0be8299cf9bed495f87405769db600",
                "sha256:bceef6378647f78e316b8421f09a2bac36961affd66aa61d48160d68992172d1",
                "sha256:daa8deefad91c4ca6f7b8a4ca1d434b0964bc171c6e06554ce7b16a0f6ddaf8b",
                "sha256:e49e4156240297f2bacf750d3fef24b51fc85d89fc18ec3656183629944277be",
                "sha256:ef945c290e528da513ba2a81e4a34ebbfef4657aaa442a64fcbc7330d031d66a"
            ],
            "version": "==0.48.0"
        },
        "numpy": {
            "hashes": [
                "sha256:1598a6de323508cfeed6b7cd6c4efb43324f4692e20d1f76e1feec7f59013448",
                "sha256:1b0ece94018ae21163d1f651b527156e1f03943b986188dd81bc7e066eae9d1c",
                "sha256:2e40be731ad618cb4974d5ba60d373cdf4f1b8dcbf1dcf4d9dff5e212baf69c5",
                "sha256:4ba59db1fcc27ea31368af524dcf874d9277f21fd2e1f7f1e2e0c75ee61419ed",
                "sha256:59ca9c6592da581a03d42cc4e270732552243dc45e87248aa8d636d53812f6a5",
                "sha256:5e0feb76849ca3e83dd396254e47c7dba65b3fa9ed3df67c2556293ae3e16de3",
                "sha256:6d205249a0293e62bbb3898c4c2e1ff8a22f98375a34775a259a0523111a8f6c",
                "sha256:6fcc5a3990e269f86d388f165a089259893851437b904f422d301cdce4ff25c8",
                "sha256:82847f2765835c8e5308f136bc34018d09b49037ec23ecc42b246424c767056b",
                "sha256:87902e5c03355335fc5992a74ba0247a70d937f326d852fc613b7f53516c0963",
                "sha256:9ab21d1cb156a620d3999dd92f7d1c86824c622873841d6b080ca5495fa10fef",
                "sha256:a1baa1dc8ecd88fb2d2a651671a84b9938461e8a8eed13e2f0a812a94084d1fa",
                "sha256:a244f7af80dacf21054386539699ce29bcc64796ed9850c99a34b41305630286",
                "sha256:a35af656a7ba1d3decdd4fae5322b87277de8ac98b7d9da657d9e212ece76a61",
                "sha256:b1fe1a6f3a6f355f6c29789b5927f8bd4f134a4bd9a781099a7c4f66af8850f5",
                "sha256:b5ad0adb51b2dee7d0ee75a69e9871e2ddfb061c73ea8bc439376298141f77f5",
                "sha256:ba3c7a2814ec8a176bb71f91478293d633c08582119e713a0c5351c0f77698da",
                "sha256:cd77d58fb2acf57c1d1ee2835567cd70e6f1835e32090538f17f8a3a99e5e34b",
                "sha256:cdb3a70285e8220875e4d2bc394e49b4988bdb1298ffa4e0bd81b2f613be397c",
                "sha256:deb529c40c3f1e38d53d5ae6cd077c21f1d49e13afc7936f7f868455e16b64a0",
                "sha256:e7894793e6e8540dbeac77c87b489e331947813511108ae097f1715c018b8f3d"
            ],
            "version": "==1.18.2"
        },
        "opt-einsum": {
            "hashes": [
                "sha256:738b0a1db1d3084d360081bb64d826f9db06d2df7cc0bf8e2c9356028da1fa31",
                "sha256:f6fbfbb759e670305c5c9a4dc4432e30f65e06fede88293dacfe19915af73386"
            ],
            "index": "pypi",
            "version": "==3.2.0"
        },
        "pandas": {
            "hashes": [
                "sha256:07c1b58936b80eafdfe694ce964ac21567b80a48d972879a359b3ebb2ea76835",
                "sha256:0ebe327fb088df4d06145227a4aa0998e4f80a9e6aed4b61c1f303bdfdf7c722",
                "sha256:11c7cb654cd3a0e9c54d81761b5920cdc86b373510d829461d8f2ed6d5905266",
                "sha256:12f492dd840e9db1688126216706aa2d1fcd3f4df68a195f9479272d50054645",
                "sha256:167a1315367cea6ec6a5e11e791d9604f8e03f95b57ad227409de35cf850c9c5",
                "sha256:1a7c56f1df8d5ad8571fa251b864231f26b47b59cbe41aa5c0983d17dbb7a8e4",
                "sha256:1fa4bae1a6784aa550a1c9e168422798104a85bf9c77a1063ea77ee6f8452e3a",
                "sha256:32f42e322fb903d0e189a4c10b75ba70d90958cc4f66a1781ed027f1a1d14586",
                "sha256:387dc7b3c0424327fe3218f81e05fc27832772a5dffbed385013161be58df90b",
                "sha256:6597df07ea361231e60c00692d8a8099b519ed741c04e65821e632bc9ccb924c",
                "sha256:743bba36e99d4440403beb45a6f4f3a667c090c00394c176092b0b910666189b",
                "sha256:858a0d890d957ae62338624e4aeaf1de436dba2c2c0772570a686eaca8b4fc85",
                "sha256:863c3e4b7ae550749a0bb77fa22e601a36df9d2905afef34a6965bed092ba9e5",
                "sha256:a210c91a02ec5ff05617a298ad6f137b9f6f5771bf31f2d6b6367d7f71486639",
                "sha256:ca84a44cf727f211752e91eab2d1c6c1ab0f0540d5636a8382a3af428542826e",
                "sha256:d234bcf669e8b4d6cbcd99e3ce7a8918414520aeb113e2a81aeb02d0a533d7f7"
            ],
            "index": "pypi",
            "version": "==1.0.3"
        },
        "pesq": {
            "file": "https://github.com/ludlows/python-pesq/archive/master.zip"
        },
        "pillow": {
            "hashes": [
                "sha256:00e0bbe9923adc5cc38a8da7d87d4ce16cde53b8d3bba8886cb928e84522d963",
                "sha256:03457e439d073770d88afdd90318382084732a5b98b0eb6f49454746dbaae701",
                "sha256:0d5c99f80068f13231ac206bd9b2e80ea357f5cf9ae0fa97fab21e32d5b61065",
                "sha256:1a3bc8e1db5af40a81535a62a591fafdb30a8a1b319798ea8052aa65ef8f06d2",
                "sha256:2b4a94be53dff02af90760c10a2e3634c3c7703410f38c98154d5ce71fe63d20",
                "sha256:3ba7d8f1d962780f86aa747fef0baf3211b80cb13310fff0c375da879c0656d4",
                "sha256:3e81485cec47c24f5fb27acb485a4fc97376b2b332ed633867dc68ac3077998c",
                "sha256:43ef1cff7ee57f9c8c8e6fa02a62eae9fa23a7e34418c7ce88c0e3fe09d1fb38",
                "sha256:4adc3302df4faf77c63ab3a83e1a3e34b94a6a992084f4aa1cb236d1deaf4b39",
                "sha256:535e8e0e02c9f1fc2e307256149d6ee8ad3aa9a6e24144b7b6e6fb6126cb0e99",
                "sha256:5ccfcb0a34ad9b77ad247c231edb781763198f405a5c8dc1b642449af821fb7f",
                "sha256:5dcbbaa3a24d091a64560d3c439a8962866a79a033d40eb1a75f1b3413bfc2bc",
                "sha256:6e2a7e74d1a626b817ecb7a28c433b471a395c010b2a1f511f976e9ea4363e64",
                "sha256:82859575005408af81b3e9171ae326ff56a69af5439d3fc20e8cb76cd51c8246",
                "sha256:834dd023b7f987d6b700ad93dc818098d7eb046bd445e9992b3093c6f9d7a95f",
                "sha256:87ef0eca169f7f0bc050b22f05c7e174a65c36d584428431e802c0165c5856ea",
                "sha256:900de1fdc93764be13f6b39dc0dd0207d9ff441d87ad7c6e97e49b81987dc0f3",
                "sha256:92b83b380f9181cacc994f4c983d95a9c8b00b50bf786c66d235716b526a3332",
                "sha256:aa1b0297e352007ec781a33f026afbb062a9a9895bb103c8f49af434b1666880",
                "sha256:aa4792ab056f51b49e7d59ce5733155e10a918baf8ce50f64405db23d5627fa2",
                "sha256:b72c39585f1837d946bd1a829a4820ccf86e361f28cbf60f5d646f06318b61e2",
                "sha256:bb7861e4618a0c06c40a2e509c1bea207eea5fd4320d486e314e00745a402ca5",
                "sha256:bc149dab804291a18e1186536519e5e122a2ac1316cb80f506e855a500b1cdd4",
                "sha256:c424d35a5259be559b64490d0fd9e03fba81f1ce8e5b66e0a59de97547351d80",
                "sha256:cbd5647097dc55e501f459dbac7f1d0402225636deeb9e0a98a8d2df649fc19d",
                "sha256:ccf16fe444cc43800eeacd4f4769971200982200a71b1368f49410d0eb769543",
                "sha256:d3a98444a00b4643b22b0685dbf9e0ddcaf4ebfd4ea23f84f228adf5a0765bb2",
                "sha256:d6b4dc325170bee04ca8292bbd556c6f5398d52c6149ca881e67daf62215426f",
                "sha256:db9ff0c251ed066d367f53b64827cc9e18ccea001b986d08c265e53625dab950",
                "sha256:e3a797a079ce289e59dbd7eac9ca3bf682d52687f718686857281475b7ca8e6a"
            ],
            "index": "pypi",
            "version": "==6.2.2"
        },
        "protobuf": {
            "hashes": [
                "sha256:0bae429443cc4748be2aadfdaf9633297cfaeb24a9a02d0ab15849175ce90fab",
                "sha256:24e3b6ad259544d717902777b33966a1a069208c885576254c112663e6a5bb0f",
                "sha256:310a7aca6e7f257510d0c750364774034272538d51796ca31d42c3925d12a52a",
                "sha256:52e586072612c1eec18e1174f8e3bb19d08f075fc2e3f91d3b16c919078469d0",
                "sha256:73152776dc75f335c476d11d52ec6f0f6925774802cd48d6189f4d5d7fe753f4",
                "sha256:7774bbbaac81d3ba86de646c39f154afc8156717972bf0450c9dbfa1dc8dbea2",
                "sha256:82d7ac987715d8d1eb4068bf997f3053468e0ce0287e2729c30601feb6602fee",
                "sha256:8eb9c93798b904f141d9de36a0ba9f9b73cc382869e67c9e642c0aba53b0fc07",
                "sha256:adf0e4d57b33881d0c63bb11e7f9038f98ee0c3e334c221f0858f826e8fb0151",
                "sha256:c40973a0aee65422d8cb4e7d7cbded95dfeee0199caab54d5ab25b63bce8135a",
                "sha256:c77c974d1dadf246d789f6dad1c24426137c9091e930dbf50e0a29c1fcf00b1f",
                "sha256:dd9aa4401c36785ea1b6fff0552c674bdd1b641319cb07ed1fe2392388e9b0d7",
                "sha256:e11df1ac6905e81b815ab6fd518e79be0a58b5dc427a2cf7208980f30694b956",
                "sha256:e2f8a75261c26b2f5f3442b0525d50fd79a71aeca04b5ec270fc123536188306",
                "sha256:e512b7f3a4dd780f59f1bf22c302740e27b10b5c97e858a6061772668cd6f961",
                "sha256:ef2c2e56aaf9ee914d3dccc3408d42661aaf7d9bb78eaa8f17b2e6282f214481",
                "sha256:fac513a9dc2a74b99abd2e17109b53945e364649ca03d9f7a0b96aa8d1807d0a",
                "sha256:fdfb6ad138dbbf92b5dbea3576d7c8ba7463173f7d2cb0ca1bd336ec88ddbd80"
            ],
            "version": "==3.11.3"
        },
        "pycparser": {
            "hashes": [
                "sha256:2d475327684562c3a96cc71adf7dc8c4f0565175cf86b6d7a404ff4c771f15f0",
                "sha256:7582ad22678f0fcd81102833f60ef8d0e57288b6b5fb00323d101be910e35705"
            ],
            "version": "==2.20"
        },
        "pydash": {
            "hashes": [
                "sha256:a7733886ab811e36510b44ff1de7ccc980327d701fb444a4b2ce395e6f4a4a87",
                "sha256:bc9762159c3fd1f822b131a2d9cbb2b2036595a42ad257d2d821b29803d85f7d"
            ],
            "index": "pypi",
            "version": "==4.7.6"
        },
        "pystoi": {
            "hashes": [
                "sha256:9f7f17be8fbf42a3240a52f8bfaef087757c07fa6e19802dd6fc7841123a9267"
            ],
            "index": "pypi",
            "version": "==0.3.3"
        },
        "python-dateutil": {
            "hashes": [
                "sha256:73ebfe9dbf22e832286dafa60473e4cd239f8592f699aa5adaf10050e6e1823c",
                "sha256:75bb3f31ea686f1197762692a9ee6a7550b59fc6ca3a1f4b5d7e32fb98e2da2a"
            ],
            "version": "==2.8.1"
        },
        "pytz": {
            "hashes": [
                "sha256:1c557d7d0e871de1f5ccd5833f60fb2550652da6be2693c1e02300743d21500d",
                "sha256:b02c06db6cf09c12dd25137e563b31700d3b80fcc4ad23abb7a315f2789819be"
            ],
            "version": "==2019.3"
        },
        "resampy": {
            "hashes": [
                "sha256:62af020d8a6674d8117f62320ce9470437bb1d738a5d06cd55591b69b463929e"
            ],
            "version": "==0.2.2"
        },
        "scikit-learn": {
            "hashes": [
                "sha256:1bf45e62799b6938357cfce19f72e3751448c4b27010e4f98553da669b5bbd86",
                "sha256:267ad874b54c67b479c3b45eb132ef4a56ab2b27963410624a413a4e2a3fc388",
                "sha256:2d1bb83d6c51a81193d8a6b5f31930e2959c0e1019d49bdd03f54163735dae4b",
                "sha256:349ba3d837fb3f7cb2b91486c43713e4b7de17f9e852f165049b1b7ac2f81478",
                "sha256:3f4d8eea3531d3eaf613fa33f711113dfff6021d57a49c9d319af4afb46f72f0",
                "sha256:4990f0e166292d2a0f0ee528233723bcfd238bfdb3ec2512a9e27f5695362f35",
                "sha256:57538d138ba54407d21e27c306735cbd42a6aae0df6a5a30c7a6edde46b0017d",
                "sha256:5b722e8bb708f254af028dc2da86d23df5371cba57e24f889b672e7b15423caa",
                "sha256:6043e2c4ccfc68328c331b0fc19691be8fb02bd76d694704843a23ad651de902",
                "sha256:672ea38eb59b739a8907ec063642b486bcb5a2073dda5b72b7983eeaf1fd67c1",
                "sha256:73207dca6e70f8f611f28add185cf3a793c8232a1722f21d82259560dc35cd50",
                "sha256:83fc104a799cb340054e485c25dfeee712b36f5638fb374eba45a9db490f16ff",
                "sha256:8416150ab505f1813da02cdbdd9f367b05bfc75cf251235015bb09f8674358a0",
                "sha256:84e759a766c315deb5c85139ff879edbb0aabcddb9358acf499564ed1c21e337",
                "sha256:8ed66ab27b3d68e57bb1f315fc35e595a5c4a1f108c3420943de4d18fc40e615",
                "sha256:a7f8aa93f61aaad080b29a9018db93ded0586692c03ddf2122e47dd1d3a14e1b",
                "sha256:ddd3bf82977908ff69303115dd5697606e669d8a7eafd7d83bb153ef9e11bd5e",
                "sha256:de9933297f8659ee3bb330eafdd80d74cd73d5dab39a9026b65a4156bc479063",
                "sha256:ea91a70a992ada395efc3d510cf011dc2d99dc9037bb38cd1cb00e14745005f5",
                "sha256:eb4c9f0019abb374a2e55150f070a333c8f990b850d1eb4dfc2765fc317ffc7c",
                "sha256:ffce8abfdcd459e72e5b91727b247b401b22253cbd18d251f842a60e26262d6f"
            ],
            "version": "==0.22.2.post1"
        },
        "scipy": {
            "hashes": [
                "sha256:00af72998a46c25bdb5824d2b729e7dabec0c765f9deb0b504f928591f5ff9d4",
                "sha256:0902a620a381f101e184a958459b36d3ee50f5effd186db76e131cbefcbb96f7",
                "sha256:1e3190466d669d658233e8a583b854f6386dd62d655539b77b3fa25bfb2abb70",
                "sha256:2cce3f9847a1a51019e8c5b47620da93950e58ebc611f13e0d11f4980ca5fecb",
                "sha256:3092857f36b690a321a662fe5496cb816a7f4eecd875e1d36793d92d3f884073",
                "sha256:386086e2972ed2db17cebf88610aab7d7f6e2c0ca30042dc9a89cf18dcc363fa",
                "sha256:71eb180f22c49066f25d6df16f8709f215723317cc951d99e54dc88020ea57be",
                "sha256:770254a280d741dd3436919d47e35712fb081a6ff8bafc0f319382b954b77802",
                "sha256:787cc50cab3020a865640aba3485e9fbd161d4d3b0d03a967df1a2881320512d",
                "sha256:8a07760d5c7f3a92e440ad3aedcc98891e915ce857664282ae3c0220f3301eb6",
                "sha256:8d3bc3993b8e4be7eade6dcc6fd59a412d96d3a33fa42b0fa45dc9e24495ede9",
                "sha256:9508a7c628a165c2c835f2497837bf6ac80eb25291055f56c129df3c943cbaf8",
                "sha256:a144811318853a23d32a07bc7fd5561ff0cac5da643d96ed94a4ffe967d89672",
                "sha256:a1aae70d52d0b074d8121333bc807a485f9f1e6a69742010b33780df2e60cfe0",
                "sha256:a2d6df9eb074af7f08866598e4ef068a2b310d98f87dc23bd1b90ec7bdcec802",
                "sha256:bb517872058a1f087c4528e7429b4a44533a902644987e7b2fe35ecc223bc408",
                "sha256:c5cac0c0387272ee0e789e94a570ac51deb01c796b37fb2aad1fb13f85e2f97d",
                "sha256:cc971a82ea1170e677443108703a2ec9ff0f70752258d0e9f5433d00dda01f59",
                "sha256:dba8306f6da99e37ea08c08fef6e274b5bf8567bb094d1dbe86a20e532aca088",
                "sha256:dc60bb302f48acf6da8ca4444cfa17d52c63c5415302a9ee77b3b21618090521",
                "sha256:dee1bbf3a6c8f73b6b218cb28eed8dd13347ea2f87d572ce19b289d6fd3fbc59"
            ],
            "version": "==1.4.1"
        },
        "sevcae": {
            "editable": true,
            "git": "https://github.com/shamoons/Speech-Enhancement-with-Variance-Constrained-Autoencoders",
            "ref": "7c1a036fd4db8d121b5def425c40887b8786f3f0"
        },
        "six": {
            "hashes": [
                "sha256:236bdbdce46e6e6a3d61a337c0f8b763ca1e8717c03b369e87a7ec7ce1319c0a",
                "sha256:8f3cd2e254d8f793e7f3d6d9df77b92252b52637291d0f0da013c76ea2724b6c"
            ],
            "version": "==1.14.0"
        },
        "sklearn": {
            "hashes": [
                "sha256:e23001573aa194b834122d2b9562459bf5ae494a2d59ca6b8aa22c85a44c0e31"
            ],
            "index": "pypi",
            "version": "==0.0"
        },
        "soundfile": {
            "hashes": [
                "sha256:2d17e0a6fc2af0d6c1d868bafa5ec80aae6e186a97fec8db07ad6af29842fbc7",
                "sha256:4555438c2c4f02b39fea2ed40f6ddeda88a80cd1ee9dd129be4d5f5134698cc2",
                "sha256:490cff42650733d1832728b937fe99fa1802896f5ef4d61bcf78cf7ebecb107b",
                "sha256:5e342ee293b896d31da67617fe65d0bdca217af193991b0cb6052353b1e0e506",
                "sha256:b361d4ac1519a2e516cabafa6bf7e93492f999f35d7d25350cd87fdc3e5cb27e"
            ],
            "index": "pypi",
            "version": "==0.10.3.post1"
        },
        "tensorboard": {
            "hashes": [
                "sha256:50e0b1bdcd488dbe39fd9416976e089b2ff4df18d9f1fab47abf4c498209c3fc",
                "sha256:c35ba681a52d4922be6b225623cf77285033e7e4e68bac5c1d5490e47d129bb2"
            ],
            "version": "==1.14.0"
        },
        "tensorboardx": {
            "hashes": [
                "sha256:2505d0092e6212f04c4522eea7123e8886c4d0a0b2c406e480fa61ca3c1da7ea",
                "sha256:3d6706fc0d0b2d4afbb9ec8bfc2aa9b7c2abff7d4dc3e1cb92cf180c9cfaf1d6"
            ],
            "index": "pypi",
            "version": "==1.9"
        },
        "tensorflow": {
            "hashes": [
                "sha256:0a3784c6ab223b85a87ba6b752d2e6dc97b9345c078172d9b0bb90f3e448a320",
                "sha256:0a95ab659de39748c418f342fd09bc444a21a7d66f4501593cf7ff6de3c603b1",
                "sha256:2fc989a5d3be9f3dc96c20deaa3d5cc66d2bf76fe069c202c2914a7f4b5a9a35",
                "sha256:4008a56940d23345e52ac4885fb4782604eb02574c2d95f3946f5b6baf0e1276",
                "sha256:4643fcb6aa7bf9261620efe332f821ccdb63422ed5df33479e3c9592659cd64e",
                "sha256:46fc216db780b1a7b7a28cf6536d6ec0a171ef2fa546a24934ffe077c734c891",
                "sha256:5a9555eee142324a1cc3d6a5a9c0c8154ded8d013bf18cb459bc375e5d365191",
                "sha256:5ce034dba1db7cd829af2bf092c48dce96bb3da3e89223d7cb50f3eac2ddc19f",
                "sha256:7dfefd6fc79fed477c2c550cb79f766fb40533e907e4efbfabc81339b45551a4",
                "sha256:a3851118d2cc5e9e697503753c2d247dca0e98d5a85b5ea091103f27d9e57a38",
                "sha256:a4f154fa98cde5974117e05af444e0bed84cf431b8129c78a2de03a1ff7201c9",
                "sha256:c77888375ef02a5e7e55f81572db1bfa41e6f6597ae297e7bdafb22bf633f79e",
                "sha256:d982a6fef251ec1358129213385ec027f87ee72246dffe1136ca6109def209f7",
                "sha256:e20b5d81b07798db5054802405758fb685367772f1d602d359ba60baa34b6b46",
                "sha256:e84f2c8c7f23ad546076b1e73cec85706da19910b9a89c29cba3b64e297b2eb0"
            ],
            "index": "pypi",
            "version": "==1.14.0"
        },
        "tensorflow-estimator": {
            "hashes": [
                "sha256:ca073f66063407a091d610ec1b22e39ea30248710198cc6f13769320bdbe3992"
            ],
            "version": "==1.14.0"
        },
        "termcolor": {
            "hashes": [
                "sha256:1d6d69ce66211143803fbc56652b41d73b4a400a2891d7bf7a1cdf4c02de613b"
            ],
            "version": "==1.1.0"
        },
        "torch": {
            "hashes": [
                "sha256:108aef4c2744724d19d76c2344108db6abb60e86cfc9e06eb3d46386ea3b6097",
                "sha256:2acd73723a0f0bd0b8114531e78b7ad3c753a2f2c0047623043cba4dae08ae90",
                "sha256:400f50a9551c5ed2fbea9bd199e14e2ec79964dd792053802b51269eec96320b",
                "sha256:4bf7ffe72bf1af8305b6a3acbe246351f4e09a1c4d4de2364066064da56c869b",
                "sha256:725ae85be70a569583863c263e281938b21e5e92d9a8f480094555b59a82936d",
                "sha256:762eeb0ef4c6de1d9bf12616f362d979cabf1c2b988d5a90bb074adcdc30a079",
                "sha256:7e3bac584473688720e26323bf209b97c015fc4e9a12a34962df3ff7ad0ce597",
                "sha256:db668180b11144579d503041339025cc76a70bc0da877f2f91f386fe9229e292",
                "sha256:e740fb4442ab0cf6a5e5c5279b6ad3cebdeb8f30ce1dabb293cf437178f12a78"
            ],
            "index": "pypi",
            "version": "==0.4.1"
        },
        "torchvision": {
            "hashes": [
                "sha256:4911188843c10a2c66e8f3d0c3989647e626a7a75b8387e2dbbb3e5aa96887ad"
            ],
            "index": "pypi",
            "version": "==0.2.2.post3"
        },
        "werkzeug": {
            "hashes": [
                "sha256:169ba8a33788476292d04186ab33b01d6add475033dfc07215e6d219cc077096",
                "sha256:6dc65cf9091cf750012f56f2cad759fa9e879f511b5ff8685e456b4e3bf90d16"
            ],
            "version": "==1.0.0"
        },
        "wheel": {
            "hashes": [
                "sha256:8788e9155fe14f54164c1b9eb0a319d98ef02c160725587ad60f14ddc57b6f96",
                "sha256:df277cb51e61359aba502208d680f90c0493adec6f0e848af94948778aed386e"
            ],
            "markers": "python_version >= '3'",
            "version": "==0.34.2"
        },
        "wrapt": {
            "hashes": [
                "sha256:b62ffa81fb85f4332a4f609cab4ac40709470da05643a082ec1eb88e6d9b97d7"
            ],
            "version": "==1.12.1"
        }
    },
    "develop": {
        "astroid": {
            "hashes": [
                "sha256:87de48a92e29cedf7210ffa853d11441e7ad94cb47bacd91b023499b51cbc756",
                "sha256:d25869fc7f44f1d9fb7d24fd7ea0639656f5355fc3089cd1f3d18c6ec6b124c7"
            ],
            "version": "==1.6.6"
        },
        "autopep8": {
            "hashes": [
                "sha256:0f592a0447acea0c2b0a9602be1e4e3d86db52badd2e3c84f0193bfd89fd3a43"
            ],
            "index": "pypi",
            "version": "==1.5"
        },
        "isort": {
            "hashes": [
                "sha256:54da7e92468955c4fceacd0c86bd0ec997b0e1ee80d97f67c35a78b719dccab1",
                "sha256:6e811fcb295968434526407adb8796944f1988c5b65e8139058f2014cbe100fd"
            ],
            "version": "==4.3.21"
        },
        "lazy-object-proxy": {
            "hashes": [
                "sha256:0c4b206227a8097f05c4dbdd323c50edf81f15db3b8dc064d08c62d37e1a504d",
                "sha256:194d092e6f246b906e8f70884e620e459fc54db3259e60cf69a4d66c3fda3449",
                "sha256:1be7e4c9f96948003609aa6c974ae59830a6baecc5376c25c92d7d697e684c08",
                "sha256:4677f594e474c91da97f489fea5b7daa17b5517190899cf213697e48d3902f5a",
                "sha256:48dab84ebd4831077b150572aec802f303117c8cc5c871e182447281ebf3ac50",
                "sha256:5541cada25cd173702dbd99f8e22434105456314462326f06dba3e180f203dfd",
                "sha256:59f79fef100b09564bc2df42ea2d8d21a64fdcda64979c0fa3db7bdaabaf6239",
                "sha256:8d859b89baf8ef7f8bc6b00aa20316483d67f0b1cbf422f5b4dc56701c8f2ffb",
                "sha256:9254f4358b9b541e3441b007a0ea0764b9d056afdeafc1a5569eee1cc6c1b9ea",
                "sha256:9651375199045a358eb6741df3e02a651e0330be090b3bc79f6d0de31a80ec3e",
                "sha256:97bb5884f6f1cdce0099f86b907aa41c970c3c672ac8b9c8352789e103cf3156",
                "sha256:9b15f3f4c0f35727d3a0fba4b770b3c4ebbb1fa907dbcc046a1d2799f3edd142",
                "sha256:a2238e9d1bb71a56cd710611a1614d1194dc10a175c1e08d75e1a7bcc250d442",
                "sha256:a6ae12d08c0bf9909ce12385803a543bfe99b95fe01e752536a60af2b7797c62",
                "sha256:ca0a928a3ddbc5725be2dd1cf895ec0a254798915fb3a36af0964a0a4149e3db",
                "sha256:cb2c7c57005a6804ab66f106ceb8482da55f5314b7fcb06551db1edae4ad1531",
                "sha256:d74bb8693bf9cf75ac3b47a54d716bbb1a92648d5f781fc799347cfc95952383",
                "sha256:d945239a5639b3ff35b70a88c5f2f491913eb94871780ebfabb2568bd58afc5a",
                "sha256:eba7011090323c1dadf18b3b689845fd96a61ba0a1dfbd7f24b921398affc357",
                "sha256:efa1909120ce98bbb3777e8b6f92237f5d5c8ea6758efea36a473e1d38f7d3e4",
                "sha256:f3900e8a5de27447acbf900b4750b0ddfd7ec1ea7fbaf11dfa911141bc522af0"
            ],
            "version": "==1.4.3"
        },
        "mccabe": {
            "hashes": [
                "sha256:ab8a6258860da4b6677da4bd2fe5dc2c659cff31b3ee4f7f5d64e79735b80d42",
                "sha256:dd8d182285a0fe56bace7f45b5e7d1a6ebcbf524e8f3bd87eb0f125271b8831f"
            ],
            "version": "==0.6.1"
        },
        "pycodestyle": {
            "hashes": [
                "sha256:95a2219d12372f05704562a14ec30bc76b05a5b297b21a5dfe3f6fac3491ae56",
                "sha256:e40a936c9a450ad81df37f549d676d127b1b66000a6c500caa2b085bc0ca976c"
            ],
            "version": "==2.5.0"
        },
        "pylint": {
            "hashes": [
                "sha256:367e3d49813d349a905390ac27989eff82ab84958731c5ef0bef867452cfdc42",
                "sha256:97a42df23d436c70132971d1dcb9efad2fe5c0c6add55b90161e773caf729300"
            ],
            "index": "pypi",
            "version": "==1.9.5"
        },
        "six": {
            "hashes": [
                "sha256:236bdbdce46e6e6a3d61a337c0f8b763ca1e8717c03b369e87a7ec7ce1319c0a",
                "sha256:8f3cd2e254d8f793e7f3d6d9df77b92252b52637291d0f0da013c76ea2724b6c"
            ],
            "version": "==1.14.0"
        },
        "wrapt": {
            "hashes": [
                "sha256:b62ffa81fb85f4332a4f609cab4ac40709470da05643a082ec1eb88e6d9b97d7"
            ],
            "version": "==1.12.1"
        }
    }
}
